
Microsoft Visual Studio Solution File, Format Version 12.00
# Visual Studio Version 17
VisualStudioVersion = 17.13.35931.197 d17.13
MinimumVisualStudioVersion = 10.0.40219.1
Project("{FAE04EC0-301F-11D3-BF4B-00C04F79EFBC}") = "WpfBasicApp01", "WpfBasicApp01\WpfBasicApp01.csproj", "{4E4ADE6C-9101-435F-BD1B-F8CF0AA81C04}"
EndProject
Project("{FAE04EC0-301F-11D3-BF4B-00C04F79EFBC}") = "WpfBasicApp02", "WpfBasicApp02\WpfBasicApp02.csproj", "{C0FB0911-C9A3-4CEF-9F0F-169E1405EA1E}"
EndProject
Global
	GlobalSection(SolutionConfigurationPlatforms) = preSolution
		Debug|Any CPU = Debug|Any CPU
		Release|Any CPU = Release|Any CPU
	EndGlobalSection
	GlobalSection(ProjectConfigurationPlatforms) = postSolution
		{4E4ADE6C-9101-435F-BD1B-F8CF0AA81C04}.Debug|Any CPU.ActiveCfg = Debug|Any CPU
		{4E4ADE6C-9101-435F-BD1B-F8CF0AA81C04}.Debug|Any CPU.Build.0 = Debug|Any CPU
		{4E4ADE6C-9101-435F-BD1B-F8CF0AA81C04}.Release|Any CPU.ActiveCfg = Release|Any CPU
		{4E4ADE6C-9101-435F-BD1B-F8CF0AA81C04}.Release|Any CPU.Build.0 = Release|Any CPU
		{C0FB0911-C9A3-4CEF-9F0F-169E1405EA1E}.Debug|Any CPU.ActiveCfg = Debug|Any CPU
		{C0FB0911-C9A3-4CEF-9F0F-169E1405EA1E}.Debug|Any CPU.Build.0 = Debug|Any CPU
		{C0FB0911-C9A3-4CEF-9F0F-169E1405EA1E}.Release|Any CPU.ActiveCfg = Release|Any CPU
		{C0FB0911-C9A3-4CEF-9F0F-169E1405EA1E}.Release|Any CPU.Build.0 = Release|Any CPU
	EndGlobalSection
	GlobalSection(SolutionProperties) = preSolution
		HideSolutionNode = FALSE
	EndGlobalSection
	GlobalSection(ExtensibilityGlobals) = postSolution
		SolutionGuid = {303BFD1C-F9B2-4001-9DCC-150E9BEDDB18}
	EndGlobalSection
EndGlobal
