
Microsoft Visual Studio Solution File, Format Version 12.00
# Visual Studio Version 17
VisualStudioVersion = 17.13.35931.197
MinimumVisualStudioVersion = 10.0.40219.1
Project("{FAE04EC0-301F-11D3-BF4B-00C04F79EFBC}") = "WpfMqttSubApp", "WpfMqttSubApp\WpfMqttSubApp.csproj", "{8C377D84-525E-892E-BC14-F2DC7447F896}"
EndProject
Project("{FAE04EC0-301F-11D3-BF4B-00C04F79EFBC}") = "WpfSmartHomeApp", "WpfSmartHomeApp\WpfSmartHomeApp.csproj", "{8B7880E1-BF33-51DA-CD02-A78A863232FC}"
EndProject
Global
	GlobalSection(SolutionConfigurationPlatforms) = preSolution
		Debug|Any CPU = Debug|Any CPU
		Release|Any CPU = Release|Any CPU
	EndGlobalSection
	GlobalSection(ProjectConfigurationPlatforms) = postSolution
		{8C377D84-525E-892E-BC14-F2DC7447F896}.Debug|Any CPU.ActiveCfg = Debug|Any CPU
		{8C377D84-525E-892E-BC14-F2DC7447F896}.Debug|Any CPU.Build.0 = Debug|Any CPU
		{8C377D84-525E-892E-BC14-F2DC7447F896}.Release|Any CPU.ActiveCfg = Release|Any CPU
		{8C377D84-525E-892E-BC14-F2DC7447F896}.Release|Any CPU.Build.0 = Release|Any CPU
		{8B7880E1-BF33-51DA-CD02-A78A863232FC}.Debug|Any CPU.ActiveCfg = Debug|Any CPU
		{8B7880E1-BF33-51DA-CD02-A78A863232FC}.Debug|Any CPU.Build.0 = Debug|Any CPU
		{8B7880E1-BF33-51DA-CD02-A78A863232FC}.Release|Any CPU.ActiveCfg = Release|Any CPU
		{8B7880E1-BF33-51DA-CD02-A78A863232FC}.Release|Any CPU.Build.0 = Release|Any CPU
	EndGlobalSection
	GlobalSection(SolutionProperties) = preSolution
		HideSolutionNode = FALSE
	EndGlobalSection
	GlobalSection(ExtensibilityGlobals) = postSolution
		SolutionGuid = {3B100C0B-3C4C-47AE-9D1E-0145C7A3AF8F}
	EndGlobalSection
EndGlobal
